
Microsoft Visual Studio Solution File, Format Version 11.00
# Visual Studio 2010
Project("{EDCC3B85-0BAD-11DB-BC1A-00112FDE8B61}") = "LiveTemplatesGenerator", "LiveTemplatesGenerator.nproj", "{EFA574E2-DE9C-4017-BB5C-8FC4CD8D5E80}"
EndProject
Global
	GlobalSection(SolutionConfigurationPlatforms) = preSolution
		Debug|Any CPU = Debug|Any CPU
		Release|Any CPU = Release|Any CPU
	EndGlobalSection
	GlobalSection(ProjectConfigurationPlatforms) = postSolution
		{EFA574E2-DE9C-4017-BB5C-8FC4CD8D5E80}.Debug|Any CPU.ActiveCfg = Debug|Any CPU
		{EFA574E2-DE9C-4017-BB5C-8FC4CD8D5E80}.Debug|Any CPU.Build.0 = Debug|Any CPU
		{EFA574E2-DE9C-4017-BB5C-8FC4CD8D5E80}.Release|Any CPU.ActiveCfg = Release|Any CPU
		{EFA574E2-DE9C-4017-BB5C-8FC4CD8D5E80}.Release|Any CPU.Build.0 = Release|Any CPU
	EndGlobalSection
	GlobalSection(SolutionProperties) = preSolution
		HideSolutionNode = FALSE
	EndGlobalSection
EndGlobal
