
Microsoft Visual Studio Solution File, Format Version 12.00
# Visual Studio 2013
VisualStudioVersion = 12.0.30723.0
MinimumVisualStudioVersion = 10.0.40219.1
Project("{FAE04EC0-301F-11D3-BF4B-00C04F79EFBC}") = "ZenSharp.Integration", "ZenSharp.Integration\ZenSharp.Integration.csproj", "{9243D98D-91FD-4421-AC80-40ABBE1FBC84}"
EndProject
Project("{EDCC3B85-0BAD-11DB-BC1A-00112FDE8B61}") = "ZenSharp.Core", "ZenSharp.Core\ZenSharp.Core.nproj", "{EFA574E2-DE9C-4017-BB5C-8FC4CD8D5E80}"
EndProject
Project("{FAE04EC0-301F-11D3-BF4B-00C04F79EFBC}") = "ZenSharp.Core.Tests", "ZenSharp.Core\ZenSharp.Core.Tests\ZenSharp.Core.Tests.csproj", "{1390A507-A540-4FCD-B2F5-5455D21F35F6}"
EndProject
Project("{2150E333-8FDC-42A3-9474-1A3956D46DE8}") = ".nuget", ".nuget", "{DAADCB1B-EC51-4030-A54B-C037312AC013}"
	ProjectSection(SolutionItems) = preProject
		.nuget\packages.config = .nuget\packages.config
	EndProjectSection
EndProject
Project("{2150E333-8FDC-42A3-9474-1A3956D46DE8}") = "build", "build", "{7D63C907-EF8D-43B0-B94A-18A316C8D6C0}"
	ProjectSection(SolutionItems) = preProject
		build.bat = build.bat
		buildNuPack.ps1 = buildNuPack.ps1
		.nuget\packages.config = .nuget\packages.config
	EndProjectSection
EndProject
Project("{FAE04EC0-301F-11D3-BF4B-00C04F79EFBC}") = "ZenSharp.Integration.Tests", "ZenSharp.Integration\ZenSharp.Integration.Tests\ZenSharp.Integration.Tests.csproj", "{3B0B25FB-2E5E-4491-8038-8EE96FEE237D}"
EndProject
Global
	GlobalSection(SolutionConfigurationPlatforms) = preSolution
		Debug|Any CPU = Debug|Any CPU
		Release|Any CPU = Release|Any CPU
	EndGlobalSection
	GlobalSection(ProjectConfigurationPlatforms) = postSolution
		{9243D98D-91FD-4421-AC80-40ABBE1FBC84}.Debug|Any CPU.ActiveCfg = Debug|Any CPU
		{9243D98D-91FD-4421-AC80-40ABBE1FBC84}.Debug|Any CPU.Build.0 = Debug|Any CPU
		{9243D98D-91FD-4421-AC80-40ABBE1FBC84}.Release|Any CPU.ActiveCfg = Release|Any CPU
		{9243D98D-91FD-4421-AC80-40ABBE1FBC84}.Release|Any CPU.Build.0 = Release|Any CPU
		{EFA574E2-DE9C-4017-BB5C-8FC4CD8D5E80}.Debug|Any CPU.ActiveCfg = Debug|Any CPU
		{EFA574E2-DE9C-4017-BB5C-8FC4CD8D5E80}.Debug|Any CPU.Build.0 = Debug|Any CPU
		{EFA574E2-DE9C-4017-BB5C-8FC4CD8D5E80}.Release|Any CPU.ActiveCfg = Release|Any CPU
		{EFA574E2-DE9C-4017-BB5C-8FC4CD8D5E80}.Release|Any CPU.Build.0 = Release|Any CPU
		{1390A507-A540-4FCD-B2F5-5455D21F35F6}.Debug|Any CPU.ActiveCfg = Debug|Any CPU
		{1390A507-A540-4FCD-B2F5-5455D21F35F6}.Debug|Any CPU.Build.0 = Debug|Any CPU
		{1390A507-A540-4FCD-B2F5-5455D21F35F6}.Release|Any CPU.ActiveCfg = Release|Any CPU
		{1390A507-A540-4FCD-B2F5-5455D21F35F6}.Release|Any CPU.Build.0 = Release|Any CPU
		{3B0B25FB-2E5E-4491-8038-8EE96FEE237D}.Debug|Any CPU.ActiveCfg = Debug|Any CPU
		{3B0B25FB-2E5E-4491-8038-8EE96FEE237D}.Debug|Any CPU.Build.0 = Debug|Any CPU
		{3B0B25FB-2E5E-4491-8038-8EE96FEE237D}.Release|Any CPU.ActiveCfg = Release|Any CPU
		{3B0B25FB-2E5E-4491-8038-8EE96FEE237D}.Release|Any CPU.Build.0 = Release|Any CPU
	EndGlobalSection
	GlobalSection(SolutionProperties) = preSolution
		HideSolutionNode = FALSE
	EndGlobalSection
EndGlobal
